// !$*UTF8*$!
{
	archiveVersion = 1;
	classes = {
	};
	objectVersion = 50;
	objects = {

/* Begin PBXBuildFile section */
		3675820623AF5D0700227A24 /* AppDelegate.swift in Sources */ = {isa = PBXBuildFile; fileRef = 3675820523AF5D0700227A24 /* AppDelegate.swift */; };
		3675820823AF5D0700227A24 /* SceneDelegate.swift in Sources */ = {isa = PBXBuildFile; fileRef = 3675820723AF5D0700227A24 /* SceneDelegate.swift */; };
		3675820A23AF5D0700227A24 /* ViewController.swift in Sources */ = {isa = PBXBuildFile; fileRef = 3675820923AF5D0700227A24 /* ViewController.swift */; };
		3675820D23AF5D0700227A24 /* Main.storyboard in Resources */ = {isa = PBXBuildFile; fileRef = 3675820B23AF5D0700227A24 /* Main.storyboard */; };
		3675820F23AF5D0800227A24 /* Assets.xcassets in Resources */ = {isa = PBXBuildFile; fileRef = 3675820E23AF5D0800227A24 /* Assets.xcassets */; };
		3675821223AF5D0800227A24 /* LaunchScreen.storyboard in Resources */ = {isa = PBXBuildFile; fileRef = 3675821023AF5D0800227A24 /* LaunchScreen.storyboard */; };
/* End PBXBuildFile section */

/* Begin PBXFileReference section */
		3675820223AF5D0700227A24 /* UIKitActivityIndicator.app */ = {isa = PBXFileReference; explicitFileType = wrapper.application; includeInIndex = 0; path = UIKitActivityIndicator.app; sourceTree = BUILT_PRODUCTS_DIR; };
		3675820523AF5D0700227A24 /* AppDelegate.swift */ = {isa = PBXFileReference; lastKnownFileType = sourcecode.swift; path = AppDelegate.swift; sourceTree = "<group>"; };
		3675820723AF5D0700227A24 /* SceneDelegate.swift */ = {isa = PBXFileReference; lastKnownFileType = sourcecode.swift; path = SceneDelegate.swift; sourceTree = "<group>"; };
		3675820923AF5D0700227A24 /* ViewController.swift */ = {isa = PBXFileReference; lastKnownFileType = sourcecode.swift; path = ViewController.swift; sourceTree = "<group>"; };
		3675820C23AF5D0700227A24 /* Base */ = {isa = PBXFileReference; lastKnownFileType = file.storyboard; name = Base; path = Base.lproj/Main.storyboard; sourceTree = "<group>"; };
		3675820E23AF5D0800227A24 /* Assets.xcassets */ = {isa = PBXFileReference; lastKnownFileType = folder.assetcatalog; path = Assets.xcassets; sourceTree = "<group>"; };
		3675821123AF5D0800227A24 /* Base */ = {isa = PBXFileReference; lastKnownFileType = file.storyboard; name = Base; path = Base.lproj/LaunchScreen.storyboard; sourceTree = "<group>"; };
		3675821323AF5D0800227A24 /* Info.plist */ = {isa = PBXFileReference; lastKnownFileType = text.plist.xml; path = Info.plist; sourceTree = "<group>"; };
/* End PBXFileReference section */

/* Begin PBXFrameworksBuildPhase section */
		367581FF23AF5D0700227A24 /* Frameworks */ = {
			isa = PBXFrameworksBuildPhase;
			buildActionMask = 2147483647;
			files = (
			);
			runOnlyForDeploymentPostprocessing = 0;
		};
/* End PBXFrameworksBuildPhase section */

/* Begin PBXGroup section */
		367581F923AF5D0700227A24 = {
			isa = PBXGroup;
			children = (
				3675820423AF5D0700227A24 /* UIKitActivityIndicator */,
				3675820323AF5D0700227A24 /* Products */,
			);
			sourceTree = "<group>";
		};
		3675820323AF5D0700227A24 /* Products */ = {
			isa = PBXGroup;
			children = (
				3675820223AF5D0700227A24 /* UIKitActivityIndicator.app */,
			);
			name = Products;
			sourceTree = "<group>";
		};
		3675820423AF5D0700227A24 /* UIKitActivityIndicator */ = {
			isa = PBXGroup;
			children = (
				3675820523AF5D0700227A24 /* AppDelegate.swift */,
				3675820723AF5D0700227A24 /* SceneDelegate.swift */,
				3675820923AF5D0700227A24 /* ViewController.swift */,
				3675820B23AF5D0700227A24 /* Main.storyboard */,
				3675820E23AF5D0800227A24 /* Assets.xcassets */,
				3675821023AF5D0800227A24 /* LaunchScreen.storyboard */,
				3675821323AF5D0800227A24 /* Info.plist */,
			);
			path = UIKitActivityIndicator;
			sourceTree = "<group>";
		};
/* End PBXGroup section */

/* Begin PBXNativeTarget section */
		3675820123AF5D0700227A24 /* UIKitActivityIndicator */ = {
			isa = PBXNativeTarget;
			buildConfigurationList = 3675821623AF5D0800227A24 /* Build configuration list for PBXNativeTarget "UIKitActivityIndicator" */;
			buildPhases = (
				367581FE23AF5D0700227A24 /* Sources */,
				367581FF23AF5D0700227A24 /* Frameworks */,
				3675820023AF5D0700227A24 /* Resources */,
			);
			buildRules = (
			);
			dependencies = (
			);
			name = UIKitActivityIndicator;
			productName = UIKitActivityIndicator;
			productReference = 3675820223AF5D0700227A24 /* UIKitActivityIndicator.app */;
			productType = "com.apple.product-type.application";
		};
/* End PBXNativeTarget section */

/* Begin PBXProject section */
		367581FA23AF5D0700227A24 /* Project object */ = {
			isa = PBXProject;
			attributes = {
				LastSwiftUpdateCheck = 1100;
				LastUpgradeCheck = 1100;
				ORGANIZATIONNAME = ProgrammingWithSwift;
				TargetAttributes = {
					3675820123AF5D0700227A24 = {
						CreatedOnToolsVersion = 11.0;
					};
				};
			};
			buildConfigurationList = 367581FD23AF5D0700227A24 /* Build configuration list for PBXProject "UIKitActivityIndicator" */;
			compatibilityVersion = "Xcode 9.3";
			developmentRegion = en;
			hasScannedForEncodings = 0;
			knownRegions = (
				en,
				Base,
			);
			mainGroup = 367581F923AF5D0700227A24;
			productRefGroup = 3675820323AF5D0700227A24 /* Products */;
			projectDirPath = "";
			projectRoot = "";
			targets = (
				3675820123AF5D0700227A24 /* UIKitActivityIndicator */,
			);
		};
/* End PBXProject section */

/* Begin PBXResourcesBuildPhase section */
		3675820023AF5D0700227A24 /* Resources */ = {
			isa = PBXResourcesBuildPhase;
			buildActionMask = 2147483647;
			files = (
				3675821223AF5D0800227A24 /* LaunchScreen.storyboard in Resources */,
				3675820F23AF5D0800227A24 /* Assets.xcassets in Resources */,
				3675820D23AF5D0700227A24 /* Main.storyboard in Resources */,
			);
			runOnlyForDeploymentPostprocessing = 0;
		};
/* End PBXResourcesBuildPhase section */

/* Begin PBXSourcesBuildPhase section */
		367581FE23AF5D0700227A24 /* Sources */ = {
			isa = PBXSourcesBuildPhase;
			buildActionMask = 2147483647;
			files = (
				3675820A23AF5D0700227A24 /* ViewController.swift in Sources */,
				3675820623AF5D0700227A24 /* AppDelegate.swift in Sources */,
				3675820823AF5D0700227A24 /* SceneDelegate.swift in Sources */,
			);
			runOnlyForDeploymentPostprocessing = 0;
		};
/* End PBXSourcesBuildPhase section */

/* Begin PBXVariantGroup section */
		3675820B23AF5D0700227A24 /* Main.storyboard */ = {
			isa = PBXVariantGroup;
			children = (
				3675820C23AF5D0700227A24 /* Base */,
			);
			name = Main.storyboard;
			sourceTree = "<group>";
		};
		3675821023AF5D0800227A24 /* LaunchScreen.storyboard */ = {
			isa = PBXVariantGroup;
			children = (
				3675821123AF5D0800227A24 /* Base */,
			);
			name = LaunchScreen.storyboard;
			sourceTree = "<group>";
		};
/* End PBXVariantGroup section */

/* Begin XCBuildConfiguration section */
		3675821423AF5D0800227A24 /* Debug */ = {
			isa = XCBuildConfiguration;
			buildSettings = {
				ALWAYS_SEARCH_USER_PATHS = NO;
				CLANG_ANALYZER_NONNULL = YES;
				CLANG_ANALYZER_NUMBER_OBJECT_CONVERSION = YES_AGGRESSIVE;
				CLANG_CXX_LANGUAGE_STANDARD = "gnu++14";
				CLANG_CXX_LIBRARY = "libc++";
				CLANG_ENABLE_MODULES = YES;
				CLANG_ENABLE_OBJC_ARC = YES;
				CLANG_ENABLE_OBJC_WEAK = YES;
				CLANG_WARN_BLOCK_CAPTURE_AUTORELEASING = YES;
				CLANG_WARN_BOOL_CONVERSION = YES;
				CLANG_WARN_COMMA = YES;
				CLANG_WARN_CONSTANT_CONVERSION = YES;
				CLANG_WARN_DEPRECATED_OBJC_IMPLEMENTATIONS = YES;
				CLANG_WARN_DIRECT_OBJC_ISA_USAGE = YES_ERROR;
				CLANG_WARN_DOCUMENTATION_COMMENTS = YES;
				CLANG_WARN_EMPTY_BODY = YES;
				CLANG_WARN_ENUM_CONVERSION = YES;
				CLANG_WARN_INFINITE_RECURSION = YES;
				CLANG_WARN_INT_CONVERSION = YES;
				CLANG_WARN_NON_LITERAL_NULL_CONVERSION = YES;
				CLANG_WARN_OBJC_IMPLICIT_RETAIN_SELF = YES;
				CLANG_WARN_OBJC_LITERAL_CONVERSION = YES;
				CLANG_WARN_OBJC_ROOT_CLASS = YES_ERROR;
				CLANG_WARN_RANGE_LOOP_ANALYSIS = YES;
				CLANG_WARN_STRICT_PROTOTYPES = YES;
				CLANG_WARN_SUSPICIOUS_MOVE = YES;
				CLANG_WARN_UNGUARDED_AVAILABILITY = YES_AGGRESSIVE;
				CLANG_WARN_UNREACHABLE_CODE = YES;
				CLANG_WARN__DUPLICATE_METHOD_MATCH = YES;
				COPY_PHASE_STRIP = NO;
				DEBUG_INFORMATION_FORMAT = dwarf;
				ENABLE_STRICT_OBJC_MSGSEND = YES;
				ENABLE_TESTABILITY = YES;
				GCC_C_LANGUAGE_STANDARD = gnu11;
				GCC_DYNAMIC_NO_PIC = NO;
				GCC_NO_COMMON_BLOCKS = YES;
				GCC_OPTIMIZATION_LEVEL = 0;
				GCC_PREPROCESSOR_DEFINITIONS = (
					"DEBUG=1",
					"$(inherited)",
				);
				GCC_WARN_64_TO_32_BIT_CONVERSION = YES;
				GCC_WARN_ABOUT_RETURN_TYPE = YES_ERROR;
				GCC_WARN_UNDECLARED_SELECTOR = YES;
				GCC_WARN_UNINITIALIZED_AUTOS = YES_AGGRESSIVE;
				GCC_WARN_UNUSED_FUNCTION = YES;
				GCC_WARN_UNUSED_VARIABLE = YES;
				IPHONEOS_DEPLOYMENT_TARGET = 13.0;
				MTL_ENABLE_DEBUG_INFO = INCLUDE_SOURCE;
				MTL_FAST_MATH = YES;
				ONLY_ACTIVE_ARCH = YES;
				SDKROOT = iphoneos;
				SWIFT_ACTIVE_COMPILATION_CONDITIONS = DEBUG;
				SWIFT_OPTIMIZATION_LEVEL = "-Onone";
			};
			name = Debug;
		};
		3675821523AF5D0800227A24 /* Release */ = {
			isa = XCBuildConfiguration;
			buildSettings = {
				ALWAYS_SEARCH_USER_PATHS = NO;
				CLANG_ANALYZER_NONNULL = YES;
				CLANG_ANALYZER_NUMBER_OBJECT_CONVERSION = YES_AGGRESSIVE;
				CLANG_CXX_LANGUAGE_STANDARD = "gnu++14";
				CLANG_CXX_LIBRARY = "libc++";
				CLANG_ENABLE_MODULES = YES;
				CLANG_ENABLE_OBJC_ARC = YES;
				CLANG_ENABLE_OBJC_WEAK = YES;
				CLANG_WARN_BLOCK_CAPTURE_AUTORELEASING = YES;
				CLANG_WARN_BOOL_CONVERSION = YES;
				CLANG_WARN_COMMA = YES;
				CLANG_WARN_CONSTANT_CONVERSION = YES;
				CLANG_WARN_DEPRECATED_OBJC_IMPLEMENTATIONS = YES;
				CLANG_WARN_DIRECT_OBJC_ISA_USAGE = YES_ERROR;
				CLANG_WARN_DOCUMENTATION_COMMENTS = YES;
				CLANG_WARN_EMPTY_BODY = YES;
				CLANG_WARN_ENUM_CONVERSION = YES;
				CLANG_WARN_INFINITE_RECURSION = YES;
				CLANG_WARN_INT_CONVERSION = YES;
				CLANG_WARN_NON_LITERAL_NULL_CONVERSION = YES;
				CLANG_WARN_OBJC_IMPLICIT_RETAIN_SELF = YES;
				CLANG_WARN_OBJC_LITERAL_CONVERSION = YES;
				CLANG_WARN_OBJC_ROOT_CLASS = YES_ERROR;
				CLANG_WARN_RANGE_LOOP_ANALYSIS = YES;
				CLANG_WARN_STRICT_PROTOTYPES = YES;
				CLANG_WARN_SUSPICIOUS_MOVE = YES;
				CLANG_WARN_UNGUARDED_AVAILABILITY = YES_AGGRESSIVE;
				CLANG_WARN_UNREACHABLE_CODE = YES;
				CLANG_WARN__DUPLICATE_METHOD_MATCH = YES;
				COPY_PHASE_STRIP = NO;
				DEBUG_INFORMATION_FORMAT = "dwarf-with-dsym";
				ENABLE_NS_ASSERTIONS = NO;
				ENABLE_STRICT_OBJC_MSGSEND = YES;
				GCC_C_LANGUAGE_STANDARD = gnu11;
				GCC_NO_COMMON_BLOCKS = YES;
				GCC_WARN_64_TO_32_BIT_CONVERSION = YES;
				GCC_WARN_ABOUT_RETURN_TYPE = YES_ERROR;
				GCC_WARN_UNDECLARED_SELECTOR = YES;
				GCC_WARN_UNINITIALIZED_AUTOS = YES_AGGRESSIVE;
				GCC_WARN_UNUSED_FUNCTION = YES;
				GCC_WARN_UNUSED_VARIABLE = YES;
				IPHONEOS_DEPLOYMENT_TARGET = 13.0;
				MTL_ENABLE_DEBUG_INFO = NO;
				MTL_FAST_MATH = YES;
				SDKROOT = iphoneos;
				SWIFT_COMPILATION_MODE = wholemodule;
				SWIFT_OPTIMIZATION_LEVEL = "-O";
				VALIDATE_PRODUCT = YES;
			};
			name = Release;
		};
		3675821723AF5D0800227A24 /* Debug */ = {
			isa = XCBuildConfiguration;
			buildSettings = {
				ASSETCATALOG_COMPILER_APPICON_NAME = AppIcon;
				CODE_SIGN_STYLE = Automatic;
				DEVELOPMENT_TEAM = 6WB5V8NBJ5;
				INFOPLIST_FILE = UIKitActivityIndicator/Info.plist;
				LD_RUNPATH_SEARCH_PATHS = (
					"$(inherited)",
					"@executable_path/Frameworks",
				);
				PRODUCT_BUNDLE_IDENTIFIER = com.programmingwithswift.UIKitActivityIndicator;
				PRODUCT_NAME = "$(TARGET_NAME)";
				SWIFT_VERSION = 5.0;
				TARGETED_DEVICE_FAMILY = "1,2";
			};
			name = Debug;
		};
		3675821823AF5D0800227A24 /* Release */ = {
			isa = XCBuildConfiguration;
			buildSettings = {
				ASSETCATALOG_COMPILER_APPICON_NAME = AppIcon;
				CODE_SIGN_STYLE = Automatic;
				DEVELOPMENT_TEAM = 6WB5V8NBJ5;
				INFOPLIST_FILE = UIKitActivityIndicator/Info.plist;
				LD_RUNPATH_SEARCH_PATHS = (
					"$(inherited)",
					"@executable_path/Frameworks",
				);
				PRODUCT_BUNDLE_IDENTIFIER = com.programmingwithswift.UIKitActivityIndicator;
				PRODUCT_NAME = "$(TARGET_NAME)";
				SWIFT_VERSION = 5.0;
				TARGETED_DEVICE_FAMILY = "1,2";
			};
			name = Release;
		};
/* End XCBuildConfiguration section */

/* Begin XCConfigurationList section */
		367581FD23AF5D0700227A24 /* Build configuration list for PBXProject "UIKitActivityIndicator" */ = {
			isa = XCConfigurationList;
			buildConfigurations = (
				3675821423AF5D0800227A24 /* Debug */,
				3675821523AF5D0800227A24 /* Release */,
			);
			defaultConfigurationIsVisible = 0;
			defaultConfigurationName = Release;
		};
		3675821623AF5D0800227A24 /* Build configuration list for PBXNativeTarget "UIKitActivityIndicator" */ = {
			isa = XCConfigurationList;
			buildConfigurations = (
				3675821723AF5D0800227A24 /* Debug */,
				3675821823AF5D0800227A24 /* Release */,
			);
			defaultConfigurationIsVisible = 0;
			defaultConfigurationName = Release;
		};
/* End XCConfigurationList section */
	};
	rootObject = 367581FA23AF5D0700227A24 /* Project object */;
}
